// !$*UTF8*$!
{
	archiveVersion = 1;
	classes = {
	};
	objectVersion = 46;
	objects = {

/* Begin PBXBuildFile section */
		4FE6DF5919A61900000C62BA /* Cocoa.framework in Frameworks */ = {isa = PBXBuildFile; fileRef = 4FE6DF5819A61900000C62BA /* Cocoa.framework */; };
		4FE6DF6319A61900000C62BA /* InfoPlist.strings in Resources */ = {isa = PBXBuildFile; fileRef = 4FE6DF6119A61900000C62BA /* InfoPlist.strings */; };
		4FE6DF6519A61900000C62BA /* main.m in Sources */ = {isa = PBXBuildFile; fileRef = 4FE6DF6419A61900000C62BA /* main.m */; };
		4FE6DF6919A61900000C62BA /* Credits.rtf in Resources */ = {isa = PBXBuildFile; fileRef = 4FE6DF6719A61900000C62BA /* Credits.rtf */; };
		4FE6DF6F19A61900000C62BA /* MainMenu.xib in Resources */ = {isa = PBXBuildFile; fileRef = 4FE6DF6D19A61900000C62BA /* MainMenu.xib */; };
		4FE6DF7119A61900000C62BA /* Images.xcassets in Resources */ = {isa = PBXBuildFile; fileRef = 4FE6DF7019A61900000C62BA /* Images.xcassets */; };
		4FE6DF7819A61900000C62BA /* XCTest.framework in Frameworks */ = {isa = PBXBuildFile; fileRef = 4FE6DF7719A61900000C62BA /* XCTest.framework */; };
		4FE6DF7919A61900000C62BA /* Cocoa.framework in Frameworks */ = {isa = PBXBuildFile; fileRef = 4FE6DF5819A61900000C62BA /* Cocoa.framework */; };
		4FE6DF8119A61900000C62BA /* InfoPlist.strings in Resources */ = {isa = PBXBuildFile; fileRef = 4FE6DF7F19A61900000C62BA /* InfoPlist.strings */; };
		4FE6DF8319A61900000C62BA /* BitHexConertToolTests.m in Sources */ = {isa = PBXBuildFile; fileRef = 4FE6DF8219A61900000C62BA /* BitHexConertToolTests.m */; };
		4FE6DF9919A61E3F000C62BA /* AppDelegate.m in Sources */ = {isa = PBXBuildFile; fileRef = 4FE6DF9819A61E3F000C62BA /* AppDelegate.m */; };
/* End PBXBuildFile section */

/* Begin PBXContainerItemProxy section */
		4FE6DF7A19A61900000C62BA /* PBXContainerItemProxy */ = {
			isa = PBXContainerItemProxy;
			containerPortal = 4FE6DF4D19A61900000C62BA /* Project object */;
			proxyType = 1;
			remoteGlobalIDString = 4FE6DF5419A61900000C62BA;
			remoteInfo = BitHexConertTool;
		};
/* End PBXContainerItemProxy section */

/* Begin PBXFileReference section */
		4FE6DF5519A61900000C62BA /* BitHexConertTool.app */ = {isa = PBXFileReference; explicitFileType = wrapper.application; includeInIndex = 0; path = BitHexConertTool.app; sourceTree = BUILT_PRODUCTS_DIR; };
		4FE6DF5819A61900000C62BA /* Cocoa.framework */ = {isa = PBXFileReference; lastKnownFileType = wrapper.framework; name = Cocoa.framework; path = System/Library/Frameworks/Cocoa.framework; sourceTree = SDKROOT; };
		4FE6DF5B19A61900000C62BA /* AppKit.framework */ = {isa = PBXFileReference; lastKnownFileType = wrapper.framework; name = AppKit.framework; path = System/Library/Frameworks/AppKit.framework; sourceTree = SDKROOT; };
		4FE6DF5C19A61900000C62BA /* CoreData.framework */ = {isa = PBXFileReference; lastKnownFileType = wrapper.framework; name = CoreData.framework; path = System/Library/Frameworks/CoreData.framework; sourceTree = SDKROOT; };
		4FE6DF5D19A61900000C62BA /* Foundation.framework */ = {isa = PBXFileReference; lastKnownFileType = wrapper.framework; name = Foundation.framework; path = System/Library/Frameworks/Foundation.framework; sourceTree = SDKROOT; };
		4FE6DF6019A61900000C62BA /* BitHexConertTool-Info.plist */ = {isa = PBXFileReference; lastKnownFileType = text.plist.xml; path = "BitHexConertTool-Info.plist"; sourceTree = "<group>"; };
		4FE6DF6219A61900000C62BA /* en */ = {isa = PBXFileReference; lastKnownFileType = text.plist.strings; name = en; path = en.lproj/InfoPlist.strings; sourceTree = "<group>"; };
		4FE6DF6419A61900000C62BA /* main.m */ = {isa = PBXFileReference; lastKnownFileType = sourcecode.c.objc; path = main.m; sourceTree = "<group>"; };
		4FE6DF6619A61900000C62BA /* BitHexConertTool-Prefix.pch */ = {isa = PBXFileReference; lastKnownFileType = sourcecode.c.h; path = "BitHexConertTool-Prefix.pch"; sourceTree = "<group>"; };
		4FE6DF6819A61900000C62BA /* en */ = {isa = PBXFileReference; lastKnownFileType = text.rtf; name = en; path = en.lproj/Credits.rtf; sourceTree = "<group>"; };
		4FE6DF6A19A61900000C62BA /* AppDelegate.h */ = {isa = PBXFileReference; lastKnownFileType = sourcecode.c.h; path = AppDelegate.h; sourceTree = "<group>"; };
		4FE6DF6E19A61900000C62BA /* Base */ = {isa = PBXFileReference; lastKnownFileType = file.xib; name = Base; path = Base.lproj/MainMenu.xib; sourceTree = "<group>"; };
		4FE6DF7019A61900000C62BA /* Images.xcassets */ = {isa = PBXFileReference; lastKnownFileType = folder.assetcatalog; path = Images.xcassets; sourceTree = "<group>"; };
		4FE6DF7619A61900000C62BA /* BitHexConertToolTests.xctest */ = {isa = PBXFileReference; explicitFileType = wrapper.cfbundle; includeInIndex = 0; path = BitHexConertToolTests.xctest; sourceTree = BUILT_PRODUCTS_DIR; };
		4FE6DF7719A61900000C62BA /* XCTest.framework */ = {isa = PBXFileReference; lastKnownFileType = wrapper.framework; name = XCTest.framework; path = Library/Frameworks/XCTest.framework; sourceTree = DEVELOPER_DIR; };
		4FE6DF7E19A61900000C62BA /* BitHexConertToolTests-Info.plist */ = {isa = PBXFileReference; lastKnownFileType = text.plist.xml; path = "BitHexConertToolTests-Info.plist"; sourceTree = "<group>"; };
		4FE6DF8019A61900000C62BA /* en */ = {isa = PBXFileReference; lastKnownFileType = text.plist.strings; name = en; path = en.lproj/InfoPlist.strings; sourceTree = "<group>"; };
		4FE6DF8219A61900000C62BA /* BitHexConertToolTests.m */ = {isa = PBXFileReference; lastKnownFileType = sourcecode.c.objc; path = BitHexConertToolTests.m; sourceTree = "<group>"; };
		4FE6DF9819A61E3F000C62BA /* AppDelegate.m */ = {isa = PBXFileReference; fileEncoding = 4; lastKnownFileType = sourcecode.c.objc; path = AppDelegate.m; sourceTree = "<group>"; };
/* End PBXFileReference section */

/* Begin PBXFrameworksBuildPhase section */
		4FE6DF5219A61900000C62BA /* Frameworks */ = {
			isa = PBXFrameworksBuildPhase;
			buildActionMask = 2147483647;
			files = (
				4FE6DF5919A61900000C62BA /* Cocoa.framework in Frameworks */,
			);
			runOnlyForDeploymentPostprocessing = 0;
		};
		4FE6DF7319A61900000C62BA /* Frameworks */ = {
			isa = PBXFrameworksBuildPhase;
			buildActionMask = 2147483647;
			files = (
				4FE6DF7919A61900000C62BA /* Cocoa.framework in Frameworks */,
				4FE6DF7819A61900000C62BA /* XCTest.framework in Frameworks */,
			);
			runOnlyForDeploymentPostprocessing = 0;
		};
/* End PBXFrameworksBuildPhase section */

/* Begin PBXGroup section */
		4FE6DF4C19A61900000C62BA = {
			isa = PBXGroup;
			children = (
				4FE6DF5E19A61900000C62BA /* BitHexConertTool */,
				4FE6DF7C19A61900000C62BA /* BitHexConertToolTests */,
				4FE6DF5719A61900000C62BA /* Frameworks */,
				4FE6DF5619A61900000C62BA /* Products */,
			);
			sourceTree = "<group>";
		};
		4FE6DF5619A61900000C62BA /* Products */ = {
			isa = PBXGroup;
			children = (
				4FE6DF5519A61900000C62BA /* BitHexConertTool.app */,
				4FE6DF7619A61900000C62BA /* BitHexConertToolTests.xctest */,
			);
			name = Products;
			sourceTree = "<group>";
		};
		4FE6DF5719A61900000C62BA /* Frameworks */ = {
			isa = PBXGroup;
			children = (
				4FE6DF5819A61900000C62BA /* Cocoa.framework */,
				4FE6DF7719A61900000C62BA /* XCTest.framework */,
				4FE6DF5A19A61900000C62BA /* Other Frameworks */,
			);
			name = Frameworks;
			sourceTree = "<group>";
		};
		4FE6DF5A19A61900000C62BA /* Other Frameworks */ = {
			isa = PBXGroup;
			children = (
				4FE6DF5B19A61900000C62BA /* AppKit.framework */,
				4FE6DF5C19A61900000C62BA /* CoreData.framework */,
				4FE6DF5D19A61900000C62BA /* Foundation.framework */,
			);
			name = "Other Frameworks";
			sourceTree = "<group>";
		};
		4FE6DF5E19A61900000C62BA /* BitHexConertTool */ = {
			isa = PBXGroup;
			children = (
				4FE6DF6A19A61900000C62BA /* AppDelegate.h */,
				4FE6DF9819A61E3F000C62BA /* AppDelegate.m */,
				4FE6DF6D19A61900000C62BA /* MainMenu.xib */,
				4FE6DF7019A61900000C62BA /* Images.xcassets */,
				4FE6DF5F19A61900000C62BA /* Supporting Files */,
			);
			path = BitHexConertTool;
			sourceTree = "<group>";
		};
		4FE6DF5F19A61900000C62BA /* Supporting Files */ = {
			isa = PBXGroup;
			children = (
				4FE6DF6019A61900000C62BA /* BitHexConertTool-Info.plist */,
				4FE6DF6119A61900000C62BA /* InfoPlist.strings */,
				4FE6DF6419A61900000C62BA /* main.m */,
				4FE6DF6619A61900000C62BA /* BitHexConertTool-Prefix.pch */,
				4FE6DF6719A61900000C62BA /* Credits.rtf */,
			);
			name = "Supporting Files";
			sourceTree = "<group>";
		};
		4FE6DF7C19A61900000C62BA /* BitHexConertToolTests */ = {
			isa = PBXGroup;
			children = (
				4FE6DF8219A61900000C62BA /* BitHexConertToolTests.m */,
				4FE6DF7D19A61900000C62BA /* Supporting Files */,
			);
			path = BitHexConertToolTests;
			sourceTree = "<group>";
		};
		4FE6DF7D19A61900000C62BA /* Supporting Files */ = {
			isa = PBXGroup;
			children = (
				4FE6DF7E19A61900000C62BA /* BitHexConertToolTests-Info.plist */,
				4FE6DF7F19A61900000C62BA /* InfoPlist.strings */,
			);
			name = "Supporting Files";
			sourceTree = "<group>";
		};
/* End PBXGroup section */

/* Begin PBXNativeTarget section */
		4FE6DF5419A61900000C62BA /* BitHexConertTool */ = {
			isa = PBXNativeTarget;
			buildConfigurationList = 4FE6DF8619A61900000C62BA /* Build configuration list for PBXNativeTarget "BitHexConertTool" */;
			buildPhases = (
				4FE6DF5119A61900000C62BA /* Sources */,
				4FE6DF5219A61900000C62BA /* Frameworks */,
				4FE6DF5319A61900000C62BA /* Resources */,
			);
			buildRules = (
			);
			dependencies = (
			);
			name = BitHexConertTool;
			productName = BitHexConertTool;
			productReference = 4FE6DF5519A61900000C62BA /* BitHexConertTool.app */;
			productType = "com.apple.product-type.application";
		};
		4FE6DF7519A61900000C62BA /* BitHexConertToolTests */ = {
			isa = PBXNativeTarget;
			buildConfigurationList = 4FE6DF8919A61900000C62BA /* Build configuration list for PBXNativeTarget "BitHexConertToolTests" */;
			buildPhases = (
				4FE6DF7219A61900000C62BA /* Sources */,
				4FE6DF7319A61900000C62BA /* Frameworks */,
				4FE6DF7419A61900000C62BA /* Resources */,
			);
			buildRules = (
			);
			dependencies = (
				4FE6DF7B19A61900000C62BA /* PBXTargetDependency */,
			);
			name = BitHexConertToolTests;
			productName = BitHexConertToolTests;
			productReference = 4FE6DF7619A61900000C62BA /* BitHexConertToolTests.xctest */;
			productType = "com.apple.product-type.bundle.unit-test";
		};
/* End PBXNativeTarget section */

/* Begin PBXProject section */
		4FE6DF4D19A61900000C62BA /* Project object */ = {
			isa = PBXProject;
			attributes = {
				LastUpgradeCheck = 0510;
				ORGANIZATIONNAME = xujialiang;
				TargetAttributes = {
					4FE6DF7519A61900000C62BA = {
						TestTargetID = 4FE6DF5419A61900000C62BA;
					};
				};
			};
			buildConfigurationList = 4FE6DF5019A61900000C62BA /* Build configuration list for PBXProject "BitHexConertTool" */;
			compatibilityVersion = "Xcode 3.2";
			developmentRegion = English;
			hasScannedForEncodings = 0;
			knownRegions = (
				en,
				Base,
			);
			mainGroup = 4FE6DF4C19A61900000C62BA;
			productRefGroup = 4FE6DF5619A61900000C62BA /* Products */;
			projectDirPath = "";
			projectRoot = "";
			targets = (
				4FE6DF5419A61900000C62BA /* BitHexConertTool */,
				4FE6DF7519A61900000C62BA /* BitHexConertToolTests */,
			);
		};
/* End PBXProject section */

/* Begin PBXResourcesBuildPhase section */
		4FE6DF5319A61900000C62BA /* Resources */ = {
			isa = PBXResourcesBuildPhase;
			buildActionMask = 2147483647;
			files = (
				4FE6DF6319A61900000C62BA /* InfoPlist.strings in Resources */,
				4FE6DF7119A61900000C62BA /* Images.xcassets in Resources */,
				4FE6DF6919A61900000C62BA /* Credits.rtf in Resources */,
				4FE6DF6F19A61900000C62BA /* MainMenu.xib in Resources */,
			);
			runOnlyForDeploymentPostprocessing = 0;
		};
		4FE6DF7419A61900000C62BA /* Resources */ = {
			isa = PBXResourcesBuildPhase;
			buildActionMask = 2147483647;
			files = (
				4FE6DF8119A61900000C62BA /* InfoPlist.strings in Resources */,
			);
			runOnlyForDeploymentPostprocessing = 0;
		};
/* End PBXResourcesBuildPhase section */

/* Begin PBXSourcesBuildPhase section */
		4FE6DF5119A61900000C62BA /* Sources */ = {
			isa = PBXSourcesBuildPhase;
			buildActionMask = 2147483647;
			files = (
				4FE6DF9919A61E3F000C62BA /* AppDelegate.m in Sources */,
				4FE6DF6519A61900000C62BA /* main.m in Sources */,
			);
			runOnlyForDeploymentPostprocessing = 0;
		};
		4FE6DF7219A61900000C62BA /* Sources */ = {
			isa = PBXSourcesBuildPhase;
			buildActionMask = 2147483647;
			files = (
				4FE6DF8319A61900000C62BA /* BitHexConertToolTests.m in Sources */,
			);
			runOnlyForDeploymentPostprocessing = 0;
		};
/* End PBXSourcesBuildPhase section */

/* Begin PBXTargetDependency section */
		4FE6DF7B19A61900000C62BA /* PBXTargetDependency */ = {
			isa = PBXTargetDependency;
			target = 4FE6DF5419A61900000C62BA /* BitHexConertTool */;
			targetProxy = 4FE6DF7A19A61900000C62BA /* PBXContainerItemProxy */;
		};
/* End PBXTargetDependency section */

/* Begin PBXVariantGroup section */
		4FE6DF6119A61900000C62BA /* InfoPlist.strings */ = {
			isa = PBXVariantGroup;
			children = (
				4FE6DF6219A61900000C62BA /* en */,
			);
			name = InfoPlist.strings;
			sourceTree = "<group>";
		};
		4FE6DF6719A61900000C62BA /* Credits.rtf */ = {
			isa = PBXVariantGroup;
			children = (
				4FE6DF6819A61900000C62BA /* en */,
			);
			name = Credits.rtf;
			sourceTree = "<group>";
		};
		4FE6DF6D19A61900000C62BA /* MainMenu.xib */ = {
			isa = PBXVariantGroup;
			children = (
				4FE6DF6E19A61900000C62BA /* Base */,
			);
			name = MainMenu.xib;
			sourceTree = "<group>";
		};
		4FE6DF7F19A61900000C62BA /* InfoPlist.strings */ = {
			isa = PBXVariantGroup;
			children = (
				4FE6DF8019A61900000C62BA /* en */,
			);
			name = InfoPlist.strings;
			sourceTree = "<group>";
		};
/* End PBXVariantGroup section */

/* Begin XCBuildConfiguration section */
		4FE6DF8419A61900000C62BA /* Debug */ = {
			isa = XCBuildConfiguration;
			buildSettings = {
				ALWAYS_SEARCH_USER_PATHS = NO;
				CLANG_CXX_LANGUAGE_STANDARD = "gnu++0x";
				CLANG_CXX_LIBRARY = "libc++";
				CLANG_ENABLE_MODULES = YES;
				CLANG_ENABLE_OBJC_ARC = YES;
				CLANG_WARN_BOOL_CONVERSION = YES;
				CLANG_WARN_CONSTANT_CONVERSION = YES;
				CLANG_WARN_DIRECT_OBJC_ISA_USAGE = YES_ERROR;
				CLANG_WARN_EMPTY_BODY = YES;
				CLANG_WARN_ENUM_CONVERSION = YES;
				CLANG_WARN_INT_CONVERSION = YES;
				CLANG_WARN_OBJC_ROOT_CLASS = YES_ERROR;
				CLANG_WARN__DUPLICATE_METHOD_MATCH = YES;
				COPY_PHASE_STRIP = NO;
				GCC_C_LANGUAGE_STANDARD = gnu99;
				GCC_DYNAMIC_NO_PIC = NO;
				GCC_ENABLE_OBJC_EXCEPTIONS = YES;
				GCC_OPTIMIZATION_LEVEL = 0;
				GCC_PREPROCESSOR_DEFINITIONS = (
					"DEBUG=1",
					"$(inherited)",
				);
				GCC_SYMBOLS_PRIVATE_EXTERN = NO;
				GCC_WARN_64_TO_32_BIT_CONVERSION = YES;
				GCC_WARN_ABOUT_RETURN_TYPE = YES_ERROR;
				GCC_WARN_UNDECLARED_SELECTOR = YES;
				GCC_WARN_UNINITIALIZED_AUTOS = YES_AGGRESSIVE;
				GCC_WARN_UNUSED_FUNCTION = YES;
				GCC_WARN_UNUSED_VARIABLE = YES;
				MACOSX_DEPLOYMENT_TARGET = 10.9;
				ONLY_ACTIVE_ARCH = YES;
				SDKROOT = macosx;
			};
			name = Debug;
		};
		4FE6DF8519A61900000C62BA /* Release */ = {
			isa = XCBuildConfiguration;
			buildSettings = {
				ALWAYS_SEARCH_USER_PATHS = NO;
				CLANG_CXX_LANGUAGE_STANDARD = "gnu++0x";
				CLANG_CXX_LIBRARY = "libc++";
				CLANG_ENABLE_MODULES = YES;
				CLANG_ENABLE_OBJC_ARC = YES;
				CLANG_WARN_BOOL_CONVERSION = YES;
				CLANG_WARN_CONSTANT_CONVERSION = YES;
				CLANG_WARN_DIRECT_OBJC_ISA_USAGE = YES_ERROR;
				CLANG_WARN_EMPTY_BODY = YES;
				CLANG_WARN_ENUM_CONVERSION = YES;
				CLANG_WARN_INT_CONVERSION = YES;
				CLANG_WARN_OBJC_ROOT_CLASS = YES_ERROR;
				CLANG_WARN__DUPLICATE_METHOD_MATCH = YES;
				COPY_PHASE_STRIP = YES;
				DEBUG_INFORMATION_FORMAT = "dwarf-with-dsym";
				ENABLE_NS_ASSERTIONS = NO;
				GCC_C_LANGUAGE_STANDARD = gnu99;
				GCC_ENABLE_OBJC_EXCEPTIONS = YES;
				GCC_WARN_64_TO_32_BIT_CONVERSION = YES;
				GCC_WARN_ABOUT_RETURN_TYPE = YES_ERROR;
				GCC_WARN_UNDECLARED_SELECTOR = YES;
				GCC_WARN_UNINITIALIZED_AUTOS = YES_AGGRESSIVE;
				GCC_WARN_UNUSED_FUNCTION = YES;
				GCC_WARN_UNUSED_VARIABLE = YES;
				MACOSX_DEPLOYMENT_TARGET = 10.9;
				SDKROOT = macosx;
			};
			name = Release;
		};
		4FE6DF8719A61900000C62BA /* Debug */ = {
			isa = XCBuildConfiguration;
			buildSettings = {
				ASSETCATALOG_COMPILER_APPICON_NAME = AppIcon;
				COMBINE_HIDPI_IMAGES = YES;
				GCC_PRECOMPILE_PREFIX_HEADER = YES;
				GCC_PREFIX_HEADER = "BitHexConertTool/BitHexConertTool-Prefix.pch";
				INFOPLIST_FILE = "BitHexConertTool/BitHexConertTool-Info.plist";
				PRODUCT_NAME = "$(TARGET_NAME)";
				WRAPPER_EXTENSION = app;
			};
			name = Debug;
		};
		4FE6DF8819A61900000C62BA /* Release */ = {
			isa = XCBuildConfiguration;
			buildSettings = {
				ASSETCATALOG_COMPILER_APPICON_NAME = AppIcon;
				COMBINE_HIDPI_IMAGES = YES;
				GCC_PRECOMPILE_PREFIX_HEADER = YES;
				GCC_PREFIX_HEADER = "BitHexConertTool/BitHexConertTool-Prefix.pch";
				INFOPLIST_FILE = "BitHexConertTool/BitHexConertTool-Info.plist";
				PRODUCT_NAME = "$(TARGET_NAME)";
				WRAPPER_EXTENSION = app;
			};
			name = Release;
		};
		4FE6DF8A19A61900000C62BA /* Debug */ = {
			isa = XCBuildConfiguration;
			buildSettings = {
				BUNDLE_LOADER = "$(BUILT_PRODUCTS_DIR)/BitHexConertTool.app/Contents/MacOS/BitHexConertTool";
				COMBINE_HIDPI_IMAGES = YES;
				FRAMEWORK_SEARCH_PATHS = (
					"$(DEVELOPER_FRAMEWORKS_DIR)",
					"$(inherited)",
				);
				GCC_PRECOMPILE_PREFIX_HEADER = YES;
				GCC_PREFIX_HEADER = "BitHexConertTool/BitHexConertTool-Prefix.pch";
				GCC_PREPROCESSOR_DEFINITIONS = (
					"DEBUG=1",
					"$(inherited)",
				);
				INFOPLIST_FILE = "BitHexConertToolTests/BitHexConertToolTests-Info.plist";
				PRODUCT_NAME = "$(TARGET_NAME)";
				TEST_HOST = "$(BUNDLE_LOADER)";
				WRAPPER_EXTENSION = xctest;
			};
			name = Debug;
		};
		4FE6DF8B19A61900000C62BA /* Release */ = {
			isa = XCBuildConfiguration;
			buildSettings = {
				BUNDLE_LOADER = "$(BUILT_PRODUCTS_DIR)/BitHexConertTool.app/Contents/MacOS/BitHexConertTool";
				COMBINE_HIDPI_IMAGES = YES;
				FRAMEWORK_SEARCH_PATHS = (
					"$(DEVELOPER_FRAMEWORKS_DIR)",
					"$(inherited)",
				);
				GCC_PRECOMPILE_PREFIX_HEADER = YES;
				GCC_PREFIX_HEADER = "BitHexConertTool/BitHexConertTool-Prefix.pch";
				INFOPLIST_FILE = "BitHexConertToolTests/BitHexConertToolTests-Info.plist";
				PRODUCT_NAME = "$(TARGET_NAME)";
				TEST_HOST = "$(BUNDLE_LOADER)";
				WRAPPER_EXTENSION = xctest;
			};
			name = Release;
		};
/* End XCBuildConfiguration section */

/* Begin XCConfigurationList section */
		4FE6DF5019A61900000C62BA /* Build configuration list for PBXProject "BitHexConertTool" */ = {
			isa = XCConfigurationList;
			buildConfigurations = (
				4FE6DF8419A61900000C62BA /* Debug */,
				4FE6DF8519A61900000C62BA /* Release */,
			);
			defaultConfigurationIsVisible = 0;
			defaultConfigurationName = Release;
		};
		4FE6DF8619A61900000C62BA /* Build configuration list for PBXNativeTarget "BitHexConertTool" */ = {
			isa = XCConfigurationList;
			buildConfigurations = (
				4FE6DF8719A61900000C62BA /* Debug */,
				4FE6DF8819A61900000C62BA /* Release */,
			);
			defaultConfigurationIsVisible = 0;
		};
		4FE6DF8919A61900000C62BA /* Build configuration list for PBXNativeTarget "BitHexConertToolTests" */ = {
			isa = XCConfigurationList;
			buildConfigurations = (
				4FE6DF8A19A61900000C62BA /* Debug */,
				4FE6DF8B19A61900000C62BA /* Release */,
			);
			defaultConfigurationIsVisible = 0;
		};
/* End XCConfigurationList section */
	};
	rootObject = 4FE6DF4D19A61900000C62BA /* Project object */;
}
